{
  "originHash" : "63ded67d3283b27409b7e4383a66e71a13e4e3e2ac631e31152155de53a3b18c",
  "pins" : [
    {
      "identity" : "keychain-swift",
      "kind" : "remoteSourceControl",
      "location" : "https://github.com/evgenyneu/keychain-swift.git",
      "state" : {
        "revision" : "5e1b02b6a9dac2a759a1d5dbc175c86bd192a608",
        "version" : "24.0.0"
      }
    },
    {
      "identity" : "popupview",
      "kind" : "remoteSourceControl",
      "location" : "https://github.com/Mijick/PopupView.git",
      "state" : {
        "revision" : "9197026083ca8ac08ef7bec6bbf717340968358f",
        "version" : "4.0.0"
      }
    }
  ],
  "version" : 3
}
