{
  "originHash" : "c3488dd25d96b000a4b9f237d0c59ac5fe5f103cd5011dcee5971067fed91a8f",
  "pins" : [
    {
      "identity" : "keychain-swift",
      "kind" : "remoteSourceControl",
      "location" : "https://github.com/evgenyneu/keychain-swift.git",
      "state" : {
        "revision" : "5e1b02b6a9dac2a759a1d5dbc175c86bd192a608",
        "version" : "24.0.0"
      }
    },
    {
      "identity" : "popupview",
      "kind" : "remoteSourceControl",
      "location" : "https://github.com/Mijick/PopupView.git",
      "state" : {
        "revision" : "9197026083ca8ac08ef7bec6bbf717340968358f",
        "version" : "4.0.0"
      }
    }
  ],
  "version" : 3
}
